github.com/cosiner/argv v0.0.0-20170225145430-13bacc38a0a5/go.mod h1:p/NrK5tF6ICIly4qwEDsf6VDirFiWWz0FenfYBwJaKQ=
github.com/davecgh/go-spew v1.1.0/go.mod h1:J7Y8YcW2NihsgmVo/mv3lAwl/skON4iLHjSsI+c5H38=
github.com/go-delve/delve v1.4.1-0.20200311224041-1a9e38aa0cbc h1:RVZftTg7k16UcGuY7+QUgu0yj5DhVLUooyR6/l5uW1Q=
github.com/go-delve/delve v1.4.1-0.20200311224041-1a9e38aa0cbc/go.mod h1:q4qCoMU26GCww+B/Qx2WGQ1v0WLZjsO0hzh6H1+NhAI=
github.com/go-delve/delve v1.24.1 h1:RjR/fbsxsPFpvFl3cGtQbM8asNrKEiG9mVp4RtU+tnE=
github.com/go-delve/delve v1.24.1/go.mod h1:kJk12wo6PqzWknTP6M+Pg3/CrNhFMZvNq1iHESKkhv8=
github.com/google/go-dap v0.2.0/go.mod h1:5q8aYQFnHOAZEMP+6vmq25HKYAEwE+LF5yh7JKrrhSQ=
github.com/inconshreveable/mousetrap v1.0.0/go.mod h1:PxqpIevigyE2G7u3NXJIT2ANytuPF1OarO4DADm73n8=
github.com/mattn/go-colorable v0.0.0-20170327083344-ded68f7a9561/go.mod h1:9vuHe8Xs5qXnSaW/c/ABM9alt+Vo+STaOChaDxuIBZU=
github.com/mattn/go-isatty v0.0.3/go.mod h1:M+lRXTBqGeGNdLjl/ufCoiOlB5xdOkqRJdNxMWT7Zi4=
github.com/peterh/liner v0.0.0-20170317030525-88609521dc4b/go.mod h1:xIteQHvHuaLYG9IFj6mSxM0fCKrs34IrEQUhOYuGPHc=
github.com/pkg/profile v0.0.0-20170413231811-06b906832ed0 h1:wBza4Dlm/NCQF572oSGNZ69flNFxlwIHjtwS6oy3Rvw=
github.com/pkg/profile v0.0.0-20170413231811-06b906832ed0/go.mod h1:hJw3o1OdXxsrSjjVksARp5W95eeEaEfptyVZyv6JUPA=
github.com/pmezard/go-difflib v1.0.0/go.mod h1:iKH77koFhYxTK1pcRnkKkqfTogsbg7gZNVY4sRDYZ/4=
github.com/sirupsen/logrus v0.0.0-20180523074243-ea8897e79973/go.mod h1:pMByvHTf9Beacp5x1UXfOR9xyW/9antXMhjMPG0dEzc=
github.com/spf13/cobra v0.0.0-20170417170307-b6cb39589372/go.mod h1:1l0Ry5zgKvJasoi3XT1TypsSe7PqH0Sj9dhYf7v3XqQ=
github.com/spf13/pflag v0.0.0-20170417173400-9e4c21054fa1/go.mod h1:DYY7MBk1bdzusC3SYhjObp+wFpr4gzcvqqNjLnInEg4=
github.com/stretchr/objx v0.1.0/go.mod h1:HFkY916IF+rwdDfMAkV7OtwuqBVzrE8GR6GFx+wExME=
github.com/stretchr/testify v1.3.0/go.mod h1:M5WIy9Dh21IEIfnGCwXGc5bZfKNJtfHm1UVUgZn+9EI=
go.starlark.net v0.0.0-20190702223751-32f345186213/go.mod h1:c1/X6cHgvdXj6pUlmWKMkuqRnW4K8x2vwt6JAaaircg=
golang.org/x/arch v0.0.0-20190927153633-4e8777c89be4/go.mod h1:flIaEI6LNU6xOCD5PaJvn9wGP0agmIOqjrtsKGRguv4=
golang.org/x/arch v0.11.0 h1:KXV8WWKCXm6tRpLirl2szsO5j/oOODwZf4hATmGVNs4=
golang.org/x/arch v0.11.0/go.mod h1:FEVrYAQjsQXMVJ1nsMoVVXPZg6p2JE2mx8psSWTDQys=
golang.org/x/crypto v0.0.0-20190308221718-c2843e01d9a2/go.mod h1:djNgcEr1/C05ACkg1iLfiJU5Ep61QUkGW8qpdssI0+w=
golang.org/x/net v0.0.0-20190620200207-3b0461eec859/go.mod h1:z5CRVTTTmAJ677TzLLGU+0bjPO0LkuOLi4/5GtJWs/s=
golang.org/x/sync v0.0.0-20190423024810-112230192c58/go.mod h1:RxMgew5VJxzue5/jJTE5uejpjVlOe/izrB70Jof72aM=
golang.org/x/sys v0.0.0-20190215142949-d0b11bdaac8a/go.mod h1:STP8DvDyc/dI5b8T5hshtkjS+E42TnysNCUPdjciGhY=
golang.org/x/sys v0.0.0-20190626221950-04f50cda93cb/go.mod h1:h1NjWce9XRLGQEsW7wpKNCjG9DtNlClVuFLEZdDNbEs=
golang.org/x/text v0.3.0/go.mod h1:NqM8EUOU14njkJ3fqMW+pc6Ldnwhi/IjpwHt7yyuwOQ=
golang.org/x/tools v0.0.0-20191127201027-ecd32218bd7f/go.mod h1:b+2E5dAYhXwXZwtnZ6UAqBI28+e2cm9otk0dWdXHAEo=
golang.org/x/xerrors v0.0.0-20190717185122-a985d3407aa7/go.mod h1:I/5z698sn9Ka8TeJc9MKroUUfqBBauWjQqLJ2OPfmY0=
gopkg.in/check.v1 v0.0.0-20161208181325-20d25e280405/go.mod h1:Co6ibVJAznAaIkqp8huTwlJQCZ016jof/cbN4VW5Yz0=
gopkg.in/yaml.v2 v2.2.1/go.mod h1:hI93XBmqTisBFMUTm0b8Fm+jr3Dg1NNxqwp+5A1VGuI=
rsc.io/pdf v0.1.1/go.mod h1:n8OzWcQ6Sp37PL01nO98y4iUCRdTGarVfzxY20ICaU4=
